{
  "name": "typedstandards-python-vendored-cli",
  "lockfileVersion": 3,
  "requires": true,
  "packages": {
    "": {
      "name": "typedstandards-python-vendored-cli",
      "license": "MIT",
      "dependencies": {
        "@typedstandards/cli": "0.2.0"
      }
    },
    "node_modules/@noble/curves": {
      "version": "2.4.0",
      "resolved": "https://registry.npmjs.org/@noble/curves/-/curves-2.4.0.tgz",
      "integrity": "sha512-P4/62zrgfH33CneE3Dn4WhJVA22YUU0eR51wKIan4NVRvwsA0YnPTwWGpNbpuacSujmSFLvyzpyuR30+fbq2Ew==",
      "license": "MIT",
      "dependencies": {
        "@noble/hashes": "2.4.0"
      },
      "engines": {
        "node": ">= 20.19.0"
      },
      "funding": {
        "url": "https://paulmillr.com/funding/"
      }
    },
    "node_modules/@noble/hashes": {
      "version": "2.4.0",
      "resolved": "https://registry.npmjs.org/@noble/hashes/-/hashes-2.4.0.tgz",
      "integrity": "sha512-X5XaVWZIBCT7HHZGm5I7ZQXDwLG+bGXuSrMQAW+7Zvl87h1kmc1ZB1VSRJcpUfoUrGQp4Fkoxm5kZ+Ms+aW+eA==",
      "license": "MIT",
      "engines": {
        "node": ">= 20.19.0"
      },
      "funding": {
        "url": "https://paulmillr.com/funding/"
      }
    },
    "node_modules/@typedstandards/cli": {
      "version": "0.2.0",
      "resolved": "https://registry.npmjs.org/@typedstandards/cli/-/cli-0.2.0.tgz",
      "integrity": "sha512-hCoB8f8wmKDPZ3LtYRvahohmSvtAlFt6F5y4rI4aH9aDrdpuLeUBzcSmgx7A+9N5+i5T5POInty+O+uCTOalfg==",
      "license": "MIT",
      "dependencies": {
        "@typedstandards/produce-core": "^0.8.0",
        "@typedstandards/verify-core": "^0.13.0"
      },
      "bin": {
        "typedstandards": "dist/bin/main.js"
      },
      "engines": {
        "node": ">=20.19"
      }
    },
    "node_modules/@typedstandards/produce-core": {
      "version": "0.8.0",
      "resolved": "https://registry.npmjs.org/@typedstandards/produce-core/-/produce-core-0.8.0.tgz",
      "integrity": "sha512-5d5xYi3XdfHEFERJ4K7/gtPUwpxhIzzEQqZI9/dYrlBZJQqFgarARVRXUbbHXaPO+1PQ3gFY/1nHjBEw6sD5Gg==",
      "license": "MIT",
      "dependencies": {
        "@noble/curves": "^2.2.0",
        "@typedstandards/verify-core": "^0.13.0"
      },
      "engines": {
        "node": ">=18"
      }
    },
    "node_modules/@typedstandards/verify-core": {
      "version": "0.13.0",
      "resolved": "https://registry.npmjs.org/@typedstandards/verify-core/-/verify-core-0.13.0.tgz",
      "integrity": "sha512-//bMjEiJH0+zSJg6LT3nEjQnFelbpOHPuD6T1ITygLeuS6QMFU1DChB+hFW8QLzxL02UhiUFwoCiLoOVcE2Aew==",
      "license": "MIT",
      "dependencies": {
        "@noble/curves": "^2.2.0",
        "@noble/hashes": "^2.2.0",
        "canonicalize": "^3.0.0"
      },
      "engines": {
        "node": ">=18"
      }
    },
    "node_modules/canonicalize": {
      "version": "3.0.0",
      "resolved": "https://registry.npmjs.org/canonicalize/-/canonicalize-3.0.0.tgz",
      "integrity": "sha512-yYLfHyDMIXRyRqsKBRLX023riFLpXY2YOfdtqKXZRZy9qsfOJ9U+4F9YZL7MEzL5+ziN2x2nlBvY/Voi3EBljA==",
      "license": "Apache-2.0",
      "bin": {
        "canonicalize": "bin/canonicalize.js"
      },
      "engines": {
        "node": ">=18"
      }
    }
  }
}
